// !$*UTF8*$!
{
	archiveVersion = 1;
	classes = {
	};
	objectVersion = 46;
	objects = {

/* Begin PBXBuildFile section */
		DB6EFD311EB0E62A009807BD /* AppDelegate.swift in Sources */ = {isa = PBXBuildFile; fileRef = DB6EFD301EB0E62A009807BD /* AppDelegate.swift */; };
		DB6EFD331EB0E62A009807BD /* ViewController.swift in Sources */ = {isa = PBXBuildFile; fileRef = DB6EFD321EB0E62A009807BD /* ViewController.swift */; };
		DB6EFD361EB0E62A009807BD /* Main.storyboard in Resources */ = {isa = PBXBuildFile; fileRef = DB6EFD341EB0E62A009807BD /* Main.storyboard */; };
		DB6EFD381EB0E62A009807BD /* Assets.xcassets in Resources */ = {isa = PBXBuildFile; fileRef = DB6EFD371EB0E62A009807BD /* Assets.xcassets */; };
		DB6EFD3B1EB0E62A009807BD /* LaunchScreen.storyboard in Resources */ = {isa = PBXBuildFile; fileRef = DB6EFD391EB0E62A009807BD /* LaunchScreen.storyboard */; };
		DB6EFD451EB0E8A3009807BD /* pokemon.csv in Resources */ = {isa = PBXBuildFile; fileRef = DB6EFD441EB0E8A3009807BD /* pokemon.csv */; };
/* End PBXBuildFile section */

/* Begin PBXFileReference section */
		DB6EFD2D1EB0E62A009807BD /* pokedex.app */ = {isa = PBXFileReference; explicitFileType = wrapper.application; includeInIndex = 0; path = pokedex.app; sourceTree = BUILT_PRODUCTS_DIR; };
		DB6EFD301EB0E62A009807BD /* AppDelegate.swift */ = {isa = PBXFileReference; lastKnownFileType = sourcecode.swift; path = AppDelegate.swift; sourceTree = "<group>"; };
		DB6EFD321EB0E62A009807BD /* ViewController.swift */ = {isa = PBXFileReference; lastKnownFileType = sourcecode.swift; path = ViewController.swift; sourceTree = "<group>"; };
		DB6EFD351EB0E62A009807BD /* Base */ = {isa = PBXFileReference; lastKnownFileType = file.storyboard; name = Base; path = Base.lproj/Main.storyboard; sourceTree = "<group>"; };
		DB6EFD371EB0E62A009807BD /* Assets.xcassets */ = {isa = PBXFileReference; lastKnownFileType = folder.assetcatalog; path = Assets.xcassets; sourceTree = "<group>"; };
		DB6EFD3A1EB0E62A009807BD /* Base */ = {isa = PBXFileReference; lastKnownFileType = file.storyboard; name = Base; path = Base.lproj/LaunchScreen.storyboard; sourceTree = "<group>"; };
		DB6EFD3C1EB0E62A009807BD /* Info.plist */ = {isa = PBXFileReference; lastKnownFileType = text.plist.xml; path = Info.plist; sourceTree = "<group>"; };
		DB6EFD441EB0E8A3009807BD /* pokemon.csv */ = {isa = PBXFileReference; fileEncoding = 4; lastKnownFileType = text; path = pokemon.csv; sourceTree = "<group>"; };
/* End PBXFileReference section */

/* Begin PBXFrameworksBuildPhase section */
		DB6EFD2A1EB0E62A009807BD /* Frameworks */ = {
			isa = PBXFrameworksBuildPhase;
			buildActionMask = 2147483647;
			files = (
			);
			runOnlyForDeploymentPostprocessing = 0;
		};
/* End PBXFrameworksBuildPhase section */

/* Begin PBXGroup section */
		DB6EFD241EB0E62A009807BD = {
			isa = PBXGroup;
			children = (
				DB6EFD2F1EB0E62A009807BD /* pokedex */,
				DB6EFD2E1EB0E62A009807BD /* Products */,
			);
			sourceTree = "<group>";
		};
		DB6EFD2E1EB0E62A009807BD /* Products */ = {
			isa = PBXGroup;
			children = (
				DB6EFD2D1EB0E62A009807BD /* pokedex.app */,
			);
			name = Products;
			sourceTree = "<group>";
		};
		DB6EFD2F1EB0E62A009807BD /* pokedex */ = {
			isa = PBXGroup;
			children = (
				DB6EFD301EB0E62A009807BD /* AppDelegate.swift */,
				DB6EFD321EB0E62A009807BD /* ViewController.swift */,
				DB6EFD341EB0E62A009807BD /* Main.storyboard */,
				DB6EFD441EB0E8A3009807BD /* pokemon.csv */,
				DB6EFD371EB0E62A009807BD /* Assets.xcassets */,
				DB6EFD391EB0E62A009807BD /* LaunchScreen.storyboard */,
				DB6EFD3C1EB0E62A009807BD /* Info.plist */,
			);
			path = pokedex;
			sourceTree = "<group>";
		};
/* End PBXGroup section */

/* Begin PBXNativeTarget section */
		DB6EFD2C1EB0E62A009807BD /* pokedex */ = {
			isa = PBXNativeTarget;
			buildConfigurationList = DB6EFD3F1EB0E62A009807BD /* Build configuration list for PBXNativeTarget "pokedex" */;
			buildPhases = (
				DB6EFD291EB0E62A009807BD /* Sources */,
				DB6EFD2A1EB0E62A009807BD /* Frameworks */,
				DB6EFD2B1EB0E62A009807BD /* Resources */,
			);
			buildRules = (
			);
			dependencies = (
			);
			name = pokedex;
			productName = pokedex;
			productReference = DB6EFD2D1EB0E62A009807BD /* pokedex.app */;
			productType = "com.apple.product-type.application";
		};
/* End PBXNativeTarget section */

/* Begin PBXProject section */
		DB6EFD251EB0E62A009807BD /* Project object */ = {
			isa = PBXProject;
			attributes = {
				LastSwiftUpdateCheck = 0830;
				LastUpgradeCheck = 0830;
				ORGANIZATIONNAME = "Caio Alcântara";
				TargetAttributes = {
					DB6EFD2C1EB0E62A009807BD = {
						CreatedOnToolsVersion = 8.3.2;
						DevelopmentTeam = 42QU6XXW6Z;
						ProvisioningStyle = Automatic;
					};
				};
			};
			buildConfigurationList = DB6EFD281EB0E62A009807BD /* Build configuration list for PBXProject "pokedex" */;
			compatibilityVersion = "Xcode 3.2";
			developmentRegion = English;
			hasScannedForEncodings = 0;
			knownRegions = (
				en,
				Base,
			);
			mainGroup = DB6EFD241EB0E62A009807BD;
			productRefGroup = DB6EFD2E1EB0E62A009807BD /* Products */;
			projectDirPath = "";
			projectRoot = "";
			targets = (
				DB6EFD2C1EB0E62A009807BD /* pokedex */,
			);
		};
/* End PBXProject section */

/* Begin PBXResourcesBuildPhase section */
		DB6EFD2B1EB0E62A009807BD /* Resources */ = {
			isa = PBXResourcesBuildPhase;
			buildActionMask = 2147483647;
			files = (
				DB6EFD3B1EB0E62A009807BD /* LaunchScreen.storyboard in Resources */,
				DB6EFD381EB0E62A009807BD /* Assets.xcassets in Resources */,
				DB6EFD451EB0E8A3009807BD /* pokemon.csv in Resources */,
				DB6EFD361EB0E62A009807BD /* Main.storyboard in Resources */,
			);
			runOnlyForDeploymentPostprocessing = 0;
		};
/* End PBXResourcesBuildPhase section */

/* Begin PBXSourcesBuildPhase section */
		DB6EFD291EB0E62A009807BD /* Sources */ = {
			isa = PBXSourcesBuildPhase;
			buildActionMask = 2147483647;
			files = (
				DB6EFD331EB0E62A009807BD /* ViewController.swift in Sources */,
				DB6EFD311EB0E62A009807BD /* AppDelegate.swift in Sources */,
			);
			runOnlyForDeploymentPostprocessing = 0;
		};
/* End PBXSourcesBuildPhase section */

/* Begin PBXVariantGroup section */
		DB6EFD341EB0E62A009807BD /* Main.storyboard */ = {
			isa = PBXVariantGroup;
			children = (
				DB6EFD351EB0E62A009807BD /* Base */,
			);
			name = Main.storyboard;
			sourceTree = "<group>";
		};
		DB6EFD391EB0E62A009807BD /* LaunchScreen.storyboard */ = {
			isa = PBXVariantGroup;
			children = (
				DB6EFD3A1EB0E62A009807BD /* Base */,
			);
			name = LaunchScreen.storyboard;
			sourceTree = "<group>";
		};
/* End PBXVariantGroup section */

/* Begin XCBuildConfiguration section */
		DB6EFD3D1EB0E62A009807BD /* Debug */ = {
			isa = XCBuildConfiguration;
			buildSettings = {
				ALWAYS_SEARCH_USER_PATHS = NO;
				CLANG_ANALYZER_NONNULL = YES;
				CLANG_ANALYZER_NUMBER_OBJECT_CONVERSION = YES_AGGRESSIVE;
				CLANG_CXX_LANGUAGE_STANDARD = "gnu++0x";
				CLANG_CXX_LIBRARY = "libc++";
				CLANG_ENABLE_MODULES = YES;
				CLANG_ENABLE_OBJC_ARC = YES;
				CLANG_WARN_BOOL_CONVERSION = YES;
				CLANG_WARN_CONSTANT_CONVERSION = YES;
				CLANG_WARN_DIRECT_OBJC_ISA_USAGE = YES_ERROR;
				CLANG_WARN_DOCUMENTATION_COMMENTS = YES;
				CLANG_WARN_EMPTY_BODY = YES;
				CLANG_WARN_ENUM_CONVERSION = YES;
				CLANG_WARN_INFINITE_RECURSION = YES;
				CLANG_WARN_INT_CONVERSION = YES;
				CLANG_WARN_OBJC_ROOT_CLASS = YES_ERROR;
				CLANG_WARN_SUSPICIOUS_MOVE = YES;
				CLANG_WARN_UNREACHABLE_CODE = YES;
				CLANG_WARN__DUPLICATE_METHOD_MATCH = YES;
				"CODE_SIGN_IDENTITY[sdk=iphoneos*]" = "iPhone Developer";
				COPY_PHASE_STRIP = NO;
				DEBUG_INFORMATION_FORMAT = dwarf;
				ENABLE_STRICT_OBJC_MSGSEND = YES;
				ENABLE_TESTABILITY = YES;
				GCC_C_LANGUAGE_STANDARD = gnu99;
				GCC_DYNAMIC_NO_PIC = NO;
				GCC_NO_COMMON_BLOCKS = YES;
				GCC_OPTIMIZATION_LEVEL = 0;
				GCC_PREPROCESSOR_DEFINITIONS = (
					"DEBUG=1",
					"$(inherited)",
				);
				GCC_WARN_64_TO_32_BIT_CONVERSION = YES;
				GCC_WARN_ABOUT_RETURN_TYPE = YES_ERROR;
				GCC_WARN_UNDECLARED_SELECTOR = YES;
				GCC_WARN_UNINITIALIZED_AUTOS = YES_AGGRESSIVE;
				GCC_WARN_UNUSED_FUNCTION = YES;
				GCC_WARN_UNUSED_VARIABLE = YES;
				IPHONEOS_DEPLOYMENT_TARGET = 10.3;
				MTL_ENABLE_DEBUG_INFO = YES;
				ONLY_ACTIVE_ARCH = YES;
				SDKROOT = iphoneos;
				SWIFT_ACTIVE_COMPILATION_CONDITIONS = DEBUG;
				SWIFT_OPTIMIZATION_LEVEL = "-Onone";
			};
			name = Debug;
		};
		DB6EFD3E1EB0E62A009807BD /* Release */ = {
			isa = XCBuildConfiguration;
			buildSettings = {
				ALWAYS_SEARCH_USER_PATHS = NO;
				CLANG_ANALYZER_NONNULL = YES;
				CLANG_ANALYZER_NUMBER_OBJECT_CONVERSION = YES_AGGRESSIVE;
				CLANG_CXX_LANGUAGE_STANDARD = "gnu++0x";
				CLANG_CXX_LIBRARY = "libc++";
				CLANG_ENABLE_MODULES = YES;
				CLANG_ENABLE_OBJC_ARC = YES;
				CLANG_WARN_BOOL_CONVERSION = YES;
				CLANG_WARN_CONSTANT_CONVERSION = YES;
				CLANG_WARN_DIRECT_OBJC_ISA_USAGE = YES_ERROR;
				CLANG_WARN_DOCUMENTATION_COMMENTS = YES;
				CLANG_WARN_EMPTY_BODY = YES;
				CLANG_WARN_ENUM_CONVERSION = YES;
				CLANG_WARN_INFINITE_RECURSION = YES;
				CLANG_WARN_INT_CONVERSION = YES;
				CLANG_WARN_OBJC_ROOT_CLASS = YES_ERROR;
				CLANG_WARN_SUSPICIOUS_MOVE = YES;
				CLANG_WARN_UNREACHABLE_CODE = YES;
				CLANG_WARN__DUPLICATE_METHOD_MATCH = YES;
				"CODE_SIGN_IDENTITY[sdk=iphoneos*]" = "iPhone Developer";
				COPY_PHASE_STRIP = NO;
				DEBUG_INFORMATION_FORMAT = "dwarf-with-dsym";
				ENABLE_NS_ASSERTIONS = NO;
				ENABLE_STRICT_OBJC_MSGSEND = YES;
				GCC_C_LANGUAGE_STANDARD = gnu99;
				GCC_NO_COMMON_BLOCKS = YES;
				GCC_WARN_64_TO_32_BIT_CONVERSION = YES;
				GCC_WARN_ABOUT_RETURN_TYPE = YES_ERROR;
				GCC_WARN_UNDECLARED_SELECTOR = YES;
				GCC_WARN_UNINITIALIZED_AUTOS = YES_AGGRESSIVE;
				GCC_WARN_UNUSED_FUNCTION = YES;
				GCC_WARN_UNUSED_VARIABLE = YES;
				IPHONEOS_DEPLOYMENT_TARGET = 10.3;
				MTL_ENABLE_DEBUG_INFO = NO;
				SDKROOT = iphoneos;
				SWIFT_OPTIMIZATION_LEVEL = "-Owholemodule";
				VALIDATE_PRODUCT = YES;
			};
			name = Release;
		};
		DB6EFD401EB0E62A009807BD /* Debug */ = {
			isa = XCBuildConfiguration;
			buildSettings = {
				ASSETCATALOG_COMPILER_APPICON_NAME = AppIcon;
				DEVELOPMENT_TEAM = 42QU6XXW6Z;
				INFOPLIST_FILE = pokedex/Info.plist;
				LD_RUNPATH_SEARCH_PATHS = "$(inherited) @executable_path/Frameworks";
				PRODUCT_BUNDLE_IDENTIFIER = "-ytech.pokedex";
				PRODUCT_NAME = "$(TARGET_NAME)";
				SWIFT_VERSION = 3.0;
			};
			name = Debug;
		};
		DB6EFD411EB0E62A009807BD /* Release */ = {
			isa = XCBuildConfiguration;
			buildSettings = {
				ASSETCATALOG_COMPILER_APPICON_NAME = AppIcon;
				DEVELOPMENT_TEAM = 42QU6XXW6Z;
				INFOPLIST_FILE = pokedex/Info.plist;
				LD_RUNPATH_SEARCH_PATHS = "$(inherited) @executable_path/Frameworks";
				PRODUCT_BUNDLE_IDENTIFIER = "-ytech.pokedex";
				PRODUCT_NAME = "$(TARGET_NAME)";
				SWIFT_VERSION = 3.0;
			};
			name = Release;
		};
/* End XCBuildConfiguration section */

/* Begin XCConfigurationList section */
		DB6EFD281EB0E62A009807BD /* Build configuration list for PBXProject "pokedex" */ = {
			isa = XCConfigurationList;
			buildConfigurations = (
				DB6EFD3D1EB0E62A009807BD /* Debug */,
				DB6EFD3E1EB0E62A009807BD /* Release */,
			);
			defaultConfigurationIsVisible = 0;
			defaultConfigurationName = Release;
		};
		DB6EFD3F1EB0E62A009807BD /* Build configuration list for PBXNativeTarget "pokedex" */ = {
			isa = XCConfigurationList;
			buildConfigurations = (
				DB6EFD401EB0E62A009807BD /* Debug */,
				DB6EFD411EB0E62A009807BD /* Release */,
			);
			defaultConfigurationIsVisible = 0;
			defaultConfigurationName = Release;
		};
/* End XCConfigurationList section */
	};
	rootObject = DB6EFD251EB0E62A009807BD /* Project object */;
}
